// !$*UTF8*$!
{
	archiveVersion = 1;
	classes = {
	};
	objectVersion = 50;
	objects = {

/* Begin PBXBuildFile section */
		060FD96A2080BD1800BBE9CB /* AppDelegate.m in Sources */ = {isa = PBXBuildFile; fileRef = 060FD9692080BD1800BBE9CB /* AppDelegate.m */; };
		060FD96D2080BD1800BBE9CB /* ViewController.m in Sources */ = {isa = PBXBuildFile; fileRef = 060FD96C2080BD1800BBE9CB /* ViewController.m */; };
		060FD9702080BD1800BBE9CB /* Main.storyboard in Resources */ = {isa = PBXBuildFile; fileRef = 060FD96E2080BD1800BBE9CB /* Main.storyboard */; };
		060FD9722080BD1900BBE9CB /* Assets.xcassets in Resources */ = {isa = PBXBuildFile; fileRef = 060FD9712080BD1900BBE9CB /* Assets.xcassets */; };
		060FD9752080BD1900BBE9CB /* LaunchScreen.storyboard in Resources */ = {isa = PBXBuildFile; fileRef = 060FD9732080BD1900BBE9CB /* LaunchScreen.storyboard */; };
		060FD9782080BD1900BBE9CB /* main.m in Sources */ = {isa = PBXBuildFile; fileRef = 060FD9772080BD1900BBE9CB /* main.m */; };
		069B94E12091B40F009CEEEF /* Classes in Resources */ = {isa = PBXBuildFile; fileRef = 069B94E02091B40F009CEEEF /* Classes */; };
/* End PBXBuildFile section */

/* Begin PBXFileReference section */
		060FD9652080BD1800BBE9CB /* MJAnimationManager.app */ = {isa = PBXFileReference; explicitFileType = wrapper.application; includeInIndex = 0; path = MJAnimationManager.app; sourceTree = BUILT_PRODUCTS_DIR; };
		060FD9682080BD1800BBE9CB /* AppDelegate.h */ = {isa = PBXFileReference; lastKnownFileType = sourcecode.c.h; path = AppDelegate.h; sourceTree = "<group>"; };
		060FD9692080BD1800BBE9CB /* AppDelegate.m */ = {isa = PBXFileReference; lastKnownFileType = sourcecode.c.objc; path = AppDelegate.m; sourceTree = "<group>"; };
		060FD96B2080BD1800BBE9CB /* ViewController.h */ = {isa = PBXFileReference; lastKnownFileType = sourcecode.c.h; path = ViewController.h; sourceTree = "<group>"; };
		060FD96C2080BD1800BBE9CB /* ViewController.m */ = {isa = PBXFileReference; lastKnownFileType = sourcecode.c.objc; path = ViewController.m; sourceTree = "<group>"; };
		060FD96F2080BD1800BBE9CB /* Base */ = {isa = PBXFileReference; lastKnownFileType = file.storyboard; name = Base; path = Base.lproj/Main.storyboard; sourceTree = "<group>"; };
		060FD9712080BD1900BBE9CB /* Assets.xcassets */ = {isa = PBXFileReference; lastKnownFileType = folder.assetcatalog; path = Assets.xcassets; sourceTree = "<group>"; };
		060FD9742080BD1900BBE9CB /* Base */ = {isa = PBXFileReference; lastKnownFileType = file.storyboard; name = Base; path = Base.lproj/LaunchScreen.storyboard; sourceTree = "<group>"; };
		060FD9762080BD1900BBE9CB /* Info.plist */ = {isa = PBXFileReference; lastKnownFileType = text.plist.xml; path = Info.plist; sourceTree = "<group>"; };
		060FD9772080BD1900BBE9CB /* main.m */ = {isa = PBXFileReference; lastKnownFileType = sourcecode.c.objc; path = main.m; sourceTree = "<group>"; };
		069B94E02091B40F009CEEEF /* Classes */ = {isa = PBXFileReference; lastKnownFileType = folder; path = Classes; sourceTree = SOURCE_ROOT; };
/* End PBXFileReference section */

/* Begin PBXFrameworksBuildPhase section */
		060FD9622080BD1800BBE9CB /* Frameworks */ = {
			isa = PBXFrameworksBuildPhase;
			buildActionMask = 2147483647;
			files = (
			);
			runOnlyForDeploymentPostprocessing = 0;
		};
/* End PBXFrameworksBuildPhase section */

/* Begin PBXGroup section */
		060FD95C2080BD1800BBE9CB = {
			isa = PBXGroup;
			children = (
				060FD9672080BD1800BBE9CB /* MJAnimationManager */,
				060FD9662080BD1800BBE9CB /* Products */,
			);
			sourceTree = "<group>";
		};
		060FD9662080BD1800BBE9CB /* Products */ = {
			isa = PBXGroup;
			children = (
				060FD9652080BD1800BBE9CB /* MJAnimationManager.app */,
			);
			name = Products;
			sourceTree = "<group>";
		};
		060FD9672080BD1800BBE9CB /* MJAnimationManager */ = {
			isa = PBXGroup;
			children = (
				069B94E02091B40F009CEEEF /* Classes */,
				060FD9682080BD1800BBE9CB /* AppDelegate.h */,
				060FD9692080BD1800BBE9CB /* AppDelegate.m */,
				060FD96B2080BD1800BBE9CB /* ViewController.h */,
				060FD96C2080BD1800BBE9CB /* ViewController.m */,
				060FD96E2080BD1800BBE9CB /* Main.storyboard */,
				060FD9712080BD1900BBE9CB /* Assets.xcassets */,
				060FD9732080BD1900BBE9CB /* LaunchScreen.storyboard */,
				060FD9762080BD1900BBE9CB /* Info.plist */,
				060FD9772080BD1900BBE9CB /* main.m */,
			);
			path = MJAnimationManager;
			sourceTree = "<group>";
		};
/* End PBXGroup section */

/* Begin PBXNativeTarget section */
		060FD9642080BD1800BBE9CB /* MJAnimationManager */ = {
			isa = PBXNativeTarget;
			buildConfigurationList = 060FD97B2080BD1900BBE9CB /* Build configuration list for PBXNativeTarget "MJAnimationManager" */;
			buildPhases = (
				060FD9612080BD1800BBE9CB /* Sources */,
				060FD9622080BD1800BBE9CB /* Frameworks */,
				060FD9632080BD1800BBE9CB /* Resources */,
			);
			buildRules = (
			);
			dependencies = (
			);
			name = MJAnimationManager;
			productName = MJAnimationManager;
			productReference = 060FD9652080BD1800BBE9CB /* MJAnimationManager.app */;
			productType = "com.apple.product-type.application";
		};
/* End PBXNativeTarget section */

/* Begin PBXProject section */
		060FD95D2080BD1800BBE9CB /* Project object */ = {
			isa = PBXProject;
			attributes = {
				LastUpgradeCheck = 0930;
				ORGANIZATIONNAME = musjoy;
				TargetAttributes = {
					060FD9642080BD1800BBE9CB = {
						CreatedOnToolsVersion = 9.3;
					};
				};
			};
			buildConfigurationList = 060FD9602080BD1800BBE9CB /* Build configuration list for PBXProject "MJAnimationManager" */;
			compatibilityVersion = "Xcode 9.3";
			developmentRegion = en;
			hasScannedForEncodings = 0;
			knownRegions = (
				en,
				Base,
			);
			mainGroup = 060FD95C2080BD1800BBE9CB;
			productRefGroup = 060FD9662080BD1800BBE9CB /* Products */;
			projectDirPath = "";
			projectRoot = "";
			targets = (
				060FD9642080BD1800BBE9CB /* MJAnimationManager */,
			);
		};
/* End PBXProject section */

/* Begin PBXResourcesBuildPhase section */
		060FD9632080BD1800BBE9CB /* Resources */ = {
			isa = PBXResourcesBuildPhase;
			buildActionMask = 2147483647;
			files = (
				060FD9752080BD1900BBE9CB /* LaunchScreen.storyboard in Resources */,
				069B94E12091B40F009CEEEF /* Classes in Resources */,
				060FD9722080BD1900BBE9CB /* Assets.xcassets in Resources */,
				060FD9702080BD1800BBE9CB /* Main.storyboard in Resources */,
			);
			runOnlyForDeploymentPostprocessing = 0;
		};
/* End PBXResourcesBuildPhase section */

/* Begin PBXSourcesBuildPhase section */
		060FD9612080BD1800BBE9CB /* Sources */ = {
			isa = PBXSourcesBuildPhase;
			buildActionMask = 2147483647;
			files = (
				060FD96D2080BD1800BBE9CB /* ViewController.m in Sources */,
				060FD9782080BD1900BBE9CB /* main.m in Sources */,
				060FD96A2080BD1800BBE9CB /* AppDelegate.m in Sources */,
			);
			runOnlyForDeploymentPostprocessing = 0;
		};
/* End PBXSourcesBuildPhase section */

/* Begin PBXVariantGroup section */
		060FD96E2080BD1800BBE9CB /* Main.storyboard */ = {
			isa = PBXVariantGroup;
			children = (
				060FD96F2080BD1800BBE9CB /* Base */,
			);
			name = Main.storyboard;
			sourceTree = "<group>";
		};
		060FD9732080BD1900BBE9CB /* LaunchScreen.storyboard */ = {
			isa = PBXVariantGroup;
			children = (
				060FD9742080BD1900BBE9CB /* Base */,
			);
			name = LaunchScreen.storyboard;
			sourceTree = "<group>";
		};
/* End PBXVariantGroup section */

/* Begin XCBuildConfiguration section */
		060FD9792080BD1900BBE9CB /* Debug */ = {
			isa = XCBuildConfiguration;
			buildSettings = {
				ALWAYS_SEARCH_USER_PATHS = NO;
				CLANG_ANALYZER_NONNULL = YES;
				CLANG_ANALYZER_NUMBER_OBJECT_CONVERSION = YES_AGGRESSIVE;
				CLANG_CXX_LANGUAGE_STANDARD = "gnu++14";
				CLANG_CXX_LIBRARY = "libc++";
				CLANG_ENABLE_MODULES = YES;
				CLANG_ENABLE_OBJC_ARC = YES;
				CLANG_ENABLE_OBJC_WEAK = YES;
				CLANG_WARN_BLOCK_CAPTURE_AUTORELEASING = YES;
				CLANG_WARN_BOOL_CONVERSION = YES;
				CLANG_WARN_COMMA = YES;
				CLANG_WARN_CONSTANT_CONVERSION = YES;
				CLANG_WARN_DEPRECATED_OBJC_IMPLEMENTATIONS = YES;
				CLANG_WARN_DIRECT_OBJC_ISA_USAGE = YES_ERROR;
				CLANG_WARN_DOCUMENTATION_COMMENTS = YES;
				CLANG_WARN_EMPTY_BODY = YES;
				CLANG_WARN_ENUM_CONVERSION = YES;
				CLANG_WARN_INFINITE_RECURSION = YES;
				CLANG_WARN_INT_CONVERSION = YES;
				CLANG_WARN_NON_LITERAL_NULL_CONVERSION = YES;
				CLANG_WARN_OBJC_IMPLICIT_RETAIN_SELF = YES;
				CLANG_WARN_OBJC_LITERAL_CONVERSION = YES;
				CLANG_WARN_OBJC_ROOT_CLASS = YES_ERROR;
				CLANG_WARN_RANGE_LOOP_ANALYSIS = YES;
				CLANG_WARN_STRICT_PROTOTYPES = YES;
				CLANG_WARN_SUSPICIOUS_MOVE = YES;
				CLANG_WARN_UNGUARDED_AVAILABILITY = YES_AGGRESSIVE;
				CLANG_WARN_UNREACHABLE_CODE = YES;
				CLANG_WARN__DUPLICATE_METHOD_MATCH = YES;
				CODE_SIGN_IDENTITY = "iPhone Developer";
				COPY_PHASE_STRIP = NO;
				DEBUG_INFORMATION_FORMAT = dwarf;
				ENABLE_STRICT_OBJC_MSGSEND = YES;
				ENABLE_TESTABILITY = YES;
				GCC_C_LANGUAGE_STANDARD = gnu11;
				GCC_DYNAMIC_NO_PIC = NO;
				GCC_NO_COMMON_BLOCKS = YES;
				GCC_OPTIMIZATION_LEVEL = 0;
				GCC_PREPROCESSOR_DEFINITIONS = (
					"DEBUG=1",
					"$(inherited)",
				);
				GCC_WARN_64_TO_32_BIT_CONVERSION = YES;
				GCC_WARN_ABOUT_RETURN_TYPE = YES_ERROR;
				GCC_WARN_UNDECLARED_SELECTOR = YES;
				GCC_WARN_UNINITIALIZED_AUTOS = YES_AGGRESSIVE;
				GCC_WARN_UNUSED_FUNCTION = YES;
				GCC_WARN_UNUSED_VARIABLE = YES;
				IPHONEOS_DEPLOYMENT_TARGET = 11.3;
				MTL_ENABLE_DEBUG_INFO = YES;
				ONLY_ACTIVE_ARCH = YES;
				SDKROOT = iphoneos;
			};
			name = Debug;
		};
		060FD97A2080BD1900BBE9CB /* Release */ = {
			isa = XCBuildConfiguration;
			buildSettings = {
				ALWAYS_SEARCH_USER_PATHS = NO;
				CLANG_ANALYZER_NONNULL = YES;
				CLANG_ANALYZER_NUMBER_OBJECT_CONVERSION = YES_AGGRESSIVE;
				CLANG_CXX_LANGUAGE_STANDARD = "gnu++14";
				CLANG_CXX_LIBRARY = "libc++";
				CLANG_ENABLE_MODULES = YES;
				CLANG_ENABLE_OBJC_ARC = YES;
				CLANG_ENABLE_OBJC_WEAK = YES;
				CLANG_WARN_BLOCK_CAPTURE_AUTORELEASING = YES;
				CLANG_WARN_BOOL_CONVERSION = YES;
				CLANG_WARN_COMMA = YES;
				CLANG_WARN_CONSTANT_CONVERSION = YES;
				CLANG_WARN_DEPRECATED_OBJC_IMPLEMENTATIONS = YES;
				CLANG_WARN_DIRECT_OBJC_ISA_USAGE = YES_ERROR;
				CLANG_WARN_DOCUMENTATION_COMMENTS = YES;
				CLANG_WARN_EMPTY_BODY = YES;
				CLANG_WARN_ENUM_CONVERSION = YES;
				CLANG_WARN_INFINITE_RECURSION = YES;
				CLANG_WARN_INT_CONVERSION = YES;
				CLANG_WARN_NON_LITERAL_NULL_CONVERSION = YES;
				CLANG_WARN_OBJC_IMPLICIT_RETAIN_SELF = YES;
				CLANG_WARN_OBJC_LITERAL_CONVERSION = YES;
				CLANG_WARN_OBJC_ROOT_CLASS = YES_ERROR;
				CLANG_WARN_RANGE_LOOP_ANALYSIS = YES;
				CLANG_WARN_STRICT_PROTOTYPES = YES;
				CLANG_WARN_SUSPICIOUS_MOVE = YES;
				CLANG_WARN_UNGUARDED_AVAILABILITY = YES_AGGRESSIVE;
				CLANG_WARN_UNREACHABLE_CODE = YES;
				CLANG_WARN__DUPLICATE_METHOD_MATCH = YES;
				CODE_SIGN_IDENTITY = "iPhone Developer";
				COPY_PHASE_STRIP = NO;
				DEBUG_INFORMATION_FORMAT = "dwarf-with-dsym";
				ENABLE_NS_ASSERTIONS = NO;
				ENABLE_STRICT_OBJC_MSGSEND = YES;
				GCC_C_LANGUAGE_STANDARD = gnu11;
				GCC_NO_COMMON_BLOCKS = YES;
				GCC_WARN_64_TO_32_BIT_CONVERSION = YES;
				GCC_WARN_ABOUT_RETURN_TYPE = YES_ERROR;
				GCC_WARN_UNDECLARED_SELECTOR = YES;
				GCC_WARN_UNINITIALIZED_AUTOS = YES_AGGRESSIVE;
				GCC_WARN_UNUSED_FUNCTION = YES;
				GCC_WARN_UNUSED_VARIABLE = YES;
				IPHONEOS_DEPLOYMENT_TARGET = 11.3;
				MTL_ENABLE_DEBUG_INFO = NO;
				SDKROOT = iphoneos;
				VALIDATE_PRODUCT = YES;
			};
			name = Release;
		};
		060FD97C2080BD1900BBE9CB /* Debug */ = {
			isa = XCBuildConfiguration;
			buildSettings = {
				ASSETCATALOG_COMPILER_APPICON_NAME = AppIcon;
				CODE_SIGN_STYLE = Automatic;
				INFOPLIST_FILE = MJAnimationManager/Info.plist;
				LD_RUNPATH_SEARCH_PATHS = (
					"$(inherited)",
					"@executable_path/Frameworks",
				);
				PRODUCT_BUNDLE_IDENTIFIER = com.musjoy.MJAnimationManager;
				PRODUCT_NAME = "$(TARGET_NAME)";
				TARGETED_DEVICE_FAMILY = "1,2";
			};
			name = Debug;
		};
		060FD97D2080BD1900BBE9CB /* Release */ = {
			isa = XCBuildConfiguration;
			buildSettings = {
				ASSETCATALOG_COMPILER_APPICON_NAME = AppIcon;
				CODE_SIGN_STYLE = Automatic;
				INFOPLIST_FILE = MJAnimationManager/Info.plist;
				LD_RUNPATH_SEARCH_PATHS = (
					"$(inherited)",
					"@executable_path/Frameworks",
				);
				PRODUCT_BUNDLE_IDENTIFIER = com.musjoy.MJAnimationManager;
				PRODUCT_NAME = "$(TARGET_NAME)";
				TARGETED_DEVICE_FAMILY = "1,2";
			};
			name = Release;
		};
/* End XCBuildConfiguration section */

/* Begin XCConfigurationList section */
		060FD9602080BD1800BBE9CB /* Build configuration list for PBXProject "MJAnimationManager" */ = {
			isa = XCConfigurationList;
			buildConfigurations = (
				060FD9792080BD1900BBE9CB /* Debug */,
				060FD97A2080BD1900BBE9CB /* Release */,
			);
			defaultConfigurationIsVisible = 0;
			defaultConfigurationName = Release;
		};
		060FD97B2080BD1900BBE9CB /* Build configuration list for PBXNativeTarget "MJAnimationManager" */ = {
			isa = XCConfigurationList;
			buildConfigurations = (
				060FD97C2080BD1900BBE9CB /* Debug */,
				060FD97D2080BD1900BBE9CB /* Release */,
			);
			defaultConfigurationIsVisible = 0;
			defaultConfigurationName = Release;
		};
/* End XCConfigurationList section */
	};
	rootObject = 060FD95D2080BD1800BBE9CB /* Project object */;
}
